
Microsoft Visual Studio Solution File, Format Version 12.00
# Visual Studio 15
VisualStudioVersion = 15.0.27004.2009
MinimumVisualStudioVersion = 10.0.40219.1
Project("{FAE04EC0-301F-11D3-BF4B-00C04F79EFBC}") = "Technoloshe20173CSeriesMVC", "Technoloshe20173CSeriesMVC\Technoloshe20173CSeriesMVC.csproj", "{763DEAA5-C32F-4984-ACED-3D4DEE574DE2}"
EndProject
Global
	GlobalSection(SolutionConfigurationPlatforms) = preSolution
		Debug|Any CPU = Debug|Any CPU
		Release|Any CPU = Release|Any CPU
	EndGlobalSection
	GlobalSection(ProjectConfigurationPlatforms) = postSolution
		{763DEAA5-C32F-4984-ACED-3D4DEE574DE2}.Debug|Any CPU.ActiveCfg = Debug|Any CPU
		{763DEAA5-C32F-4984-ACED-3D4DEE574DE2}.Debug|Any CPU.Build.0 = Debug|Any CPU
		{763DEAA5-C32F-4984-ACED-3D4DEE574DE2}.Release|Any CPU.ActiveCfg = Release|Any CPU
		{763DEAA5-C32F-4984-ACED-3D4DEE574DE2}.Release|Any CPU.Build.0 = Release|Any CPU
	EndGlobalSection
	GlobalSection(SolutionProperties) = preSolution
		HideSolutionNode = FALSE
	EndGlobalSection
	GlobalSection(ExtensibilityGlobals) = postSolution
		SolutionGuid = {21F0A9A1-F0B7-4F96-BFCF-FE9F002D7284}
	EndGlobalSection
EndGlobal
